
Microsoft Visual Studio Solution File, Format Version 12.00
# Visual Studio Version 16
VisualStudioVersion = 16.0.30804.86
MinimumVisualStudioVersion = 10.0.40219.1
Project("{FAE04EC0-301F-11D3-BF4B-00C04F79EFBC}") = "Calculator", "Calculator\Calculator.csproj", "{6A4FCF94-C253-45FA-8B31-7B217ACB6DBD}"
EndProject
Global
	GlobalSection(SolutionConfigurationPlatforms) = preSolution
		Debug|Any CPU = Debug|Any CPU
		Release|Any CPU = Release|Any CPU
	EndGlobalSection
	GlobalSection(ProjectConfigurationPlatforms) = postSolution
		{6A4FCF94-C253-45FA-8B31-7B217ACB6DBD}.Debug|Any CPU.ActiveCfg = Debug|Any CPU
		{6A4FCF94-C253-45FA-8B31-7B217ACB6DBD}.Debug|Any CPU.Build.0 = Debug|Any CPU
		{6A4FCF94-C253-45FA-8B31-7B217ACB6DBD}.Release|Any CPU.ActiveCfg = Release|Any CPU
		{6A4FCF94-C253-45FA-8B31-7B217ACB6DBD}.Release|Any CPU.Build.0 = Release|Any CPU
	EndGlobalSection
	GlobalSection(SolutionProperties) = preSolution
		HideSolutionNode = FALSE
	EndGlobalSection
	GlobalSection(ExtensibilityGlobals) = postSolution
		SolutionGuid = {1589F91C-D175-4FEF-B671-D425B564C18F}
	EndGlobalSection
EndGlobal
